
Microsoft Visual Studio Solution File, Format Version 12.00
# Visual Studio 14
VisualStudioVersion = 14.0.25420.1
MinimumVisualStudioVersion = 10.0.40219.1
Project("{FAE04EC0-301F-11D3-BF4B-00C04F79EFBC}") = "MusicStoreSites.Core", "MusicStoreSites.Core\MusicStoreSites.Core.csproj", "{EF71F8A4-CE04-4D2C-8DBE-8AF90367F64A}"
EndProject
Project("{FAE04EC0-301F-11D3-BF4B-00C04F79EFBC}") = "MusicStoreSites.Model", "MusicStoreSites.Model\MusicStoreSites.Model.csproj", "{824C1FAD-5D8B-4FB0-9B8F-79C43F2E4767}"
EndProject
Global
	GlobalSection(SolutionConfigurationPlatforms) = preSolution
		Debug|Any CPU = Debug|Any CPU
		Release|Any CPU = Release|Any CPU
	EndGlobalSection
	GlobalSection(ProjectConfigurationPlatforms) = postSolution
		{EF71F8A4-CE04-4D2C-8DBE-8AF90367F64A}.Debug|Any CPU.ActiveCfg = Debug|Any CPU
		{EF71F8A4-CE04-4D2C-8DBE-8AF90367F64A}.Debug|Any CPU.Build.0 = Debug|Any CPU
		{EF71F8A4-CE04-4D2C-8DBE-8AF90367F64A}.Release|Any CPU.ActiveCfg = Release|Any CPU
		{EF71F8A4-CE04-4D2C-8DBE-8AF90367F64A}.Release|Any CPU.Build.0 = Release|Any CPU
		{824C1FAD-5D8B-4FB0-9B8F-79C43F2E4767}.Debug|Any CPU.ActiveCfg = Debug|Any CPU
		{824C1FAD-5D8B-4FB0-9B8F-79C43F2E4767}.Debug|Any CPU.Build.0 = Debug|Any CPU
		{824C1FAD-5D8B-4FB0-9B8F-79C43F2E4767}.Release|Any CPU.ActiveCfg = Release|Any CPU
		{824C1FAD-5D8B-4FB0-9B8F-79C43F2E4767}.Release|Any CPU.Build.0 = Release|Any CPU
	EndGlobalSection
	GlobalSection(SolutionProperties) = preSolution
		HideSolutionNode = FALSE
	EndGlobalSection
EndGlobal
